
Microsoft Visual Studio Solution File, Format Version 12.00
# Visual Studio Version 17
VisualStudioVersion = 17.9.34701.34
MinimumVisualStudioVersion = 10.0.40219.1
Project("{8BC9CEB8-8B4A-11D0-8D11-00A0C91BC942}") = "Estes_Slianie_Sort", "Estes_Slianie_Sort\Estes_Slianie_Sort.vcxproj", "{81AB3E75-3397-4A11-AB64-E72F6E6F9FBD}"
EndProject
Global
	GlobalSection(SolutionConfigurationPlatforms) = preSolution
		Debug|x64 = Debug|x64
		Debug|x86 = Debug|x86
		Release|x64 = Release|x64
		Release|x86 = Release|x86
	EndGlobalSection
	GlobalSection(ProjectConfigurationPlatforms) = postSolution
		{81AB3E75-3397-4A11-AB64-E72F6E6F9FBD}.Debug|x64.ActiveCfg = Debug|x64
		{81AB3E75-3397-4A11-AB64-E72F6E6F9FBD}.Debug|x64.Build.0 = Debug|x64
		{81AB3E75-3397-4A11-AB64-E72F6E6F9FBD}.Debug|x86.ActiveCfg = Debug|Win32
		{81AB3E75-3397-4A11-AB64-E72F6E6F9FBD}.Debug|x86.Build.0 = Debug|Win32
		{81AB3E75-3397-4A11-AB64-E72F6E6F9FBD}.Release|x64.ActiveCfg = Release|x64
		{81AB3E75-3397-4A11-AB64-E72F6E6F9FBD}.Release|x64.Build.0 = Release|x64
		{81AB3E75-3397-4A11-AB64-E72F6E6F9FBD}.Release|x86.ActiveCfg = Release|Win32
		{81AB3E75-3397-4A11-AB64-E72F6E6F9FBD}.Release|x86.Build.0 = Release|Win32
	EndGlobalSection
	GlobalSection(SolutionProperties) = preSolution
		HideSolutionNode = FALSE
	EndGlobalSection
	GlobalSection(ExtensibilityGlobals) = postSolution
		SolutionGuid = {CA15657E-98EC-4F57-A6E8-69A348BDAE9C}
	EndGlobalSection
EndGlobal
